
Microsoft Visual Studio Solution File, Format Version 12.00
# Visual Studio Version 17
VisualStudioVersion = 17.7.34031.279
MinimumVisualStudioVersion = 10.0.40219.1
Project("{FAE04EC0-301F-11D3-BF4B-00C04F79EFBC}") = "Aspnet Core Identity", "Aspnet Core Identity\Aspnet Core Identity.csproj", "{BA3313DD-3CCC-4938-A35D-85AFBB3D9099}"
EndProject
Global
	GlobalSection(SolutionConfigurationPlatforms) = preSolution
		Debug|Any CPU = Debug|Any CPU
		Release|Any CPU = Release|Any CPU
	EndGlobalSection
	GlobalSection(ProjectConfigurationPlatforms) = postSolution
		{BA3313DD-3CCC-4938-A35D-85AFBB3D9099}.Debug|Any CPU.ActiveCfg = Debug|Any CPU
		{BA3313DD-3CCC-4938-A35D-85AFBB3D9099}.Debug|Any CPU.Build.0 = Debug|Any CPU
		{BA3313DD-3CCC-4938-A35D-85AFBB3D9099}.Release|Any CPU.ActiveCfg = Release|Any CPU
		{BA3313DD-3CCC-4938-A35D-85AFBB3D9099}.Release|Any CPU.Build.0 = Release|Any CPU
	EndGlobalSection
	GlobalSection(SolutionProperties) = preSolution
		HideSolutionNode = FALSE
	EndGlobalSection
	GlobalSection(ExtensibilityGlobals) = postSolution
		SolutionGuid = {47B11F7E-EDD2-4AE9-98E8-09D2E443C9C6}
	EndGlobalSection
EndGlobal
